
Microsoft Visual Studio Solution File, Format Version 12.00
# Visual Studio Version 16
VisualStudioVersion = 16.0.30002.166
MinimumVisualStudioVersion = 10.0.40219.1
Project("{FAE04EC0-301F-11D3-BF4B-00C04F79EFBC}") = "thanh toan", "thanh toan.csproj", "{8BF7B39D-3EA7-4842-81F3-15E29FCB15FB}"
EndProject
Global
	GlobalSection(SolutionConfigurationPlatforms) = preSolution
		Debug|Any CPU = Debug|Any CPU
		Release|Any CPU = Release|Any CPU
	EndGlobalSection
	GlobalSection(ProjectConfigurationPlatforms) = postSolution
		{8BF7B39D-3EA7-4842-81F3-15E29FCB15FB}.Debug|Any CPU.ActiveCfg = Debug|Any CPU
		{8BF7B39D-3EA7-4842-81F3-15E29FCB15FB}.Debug|Any CPU.Build.0 = Debug|Any CPU
		{8BF7B39D-3EA7-4842-81F3-15E29FCB15FB}.Release|Any CPU.ActiveCfg = Release|Any CPU
		{8BF7B39D-3EA7-4842-81F3-15E29FCB15FB}.Release|Any CPU.Build.0 = Release|Any CPU
	EndGlobalSection
	GlobalSection(SolutionProperties) = preSolution
		HideSolutionNode = FALSE
	EndGlobalSection
	GlobalSection(ExtensibilityGlobals) = postSolution
		SolutionGuid = {62D0C016-770E-4C45-AAFD-A1E3DD96149A}
	EndGlobalSection
EndGlobal
